
Microsoft Visual Studio Solution File, Format Version 12.00
Project("{2150E333-8FDC-42A3-9474-1A3956D46DE8}") = "src", "src", "{C2496B69-6187-49A1-954B-6F5159D2FB48}"
EndProject
Project("{2150E333-8FDC-42A3-9474-1A3956D46DE8}") = "tests", "tests", "{2275B71F-0FCD-4821-A75E-80754E29CCCC}"
EndProject
Project("{2150E333-8FDC-42A3-9474-1A3956D46DE8}") = "API Gateway", "API Gateway", "{BDA06DB3-330A-4C8E-88A4-9B35B3694A89}"
EndProject
Project("{2150E333-8FDC-42A3-9474-1A3956D46DE8}") = "Worker Services", "Worker Services", "{6B85E4E8-7954-459B-A5D3-6ABC00358414}"
EndProject
Project("{2150E333-8FDC-42A3-9474-1A3956D46DE8}") = "Shared Libraries", "Shared Libraries", "{36A7579C-D4ED-4A8D-8465-FC5E11AB3BFB}"
EndProject
Project("{2150E333-8FDC-42A3-9474-1A3956D46DE8}") = "Shared Utilities", "Shared Utilities", "{38CA800E-BCDD-467B-BA96-D6F8E2EFFCDF}"
EndProject
Project("{FAE04EC0-301F-11D3-BF4B-00C04F79EFBC}") = "ITPrint.API", "ITPrint.API\ITPrint.API.csproj", "{54EAE8AA-256A-4BFF-B6A4-CFA8A5BB2944}"
EndProject
Project("{FAE04EC0-301F-11D3-BF4B-00C04F79EFBC}") = "ITPrint.DocumentProcessing.Worker", "ITPrint.DocumentProcessing.Worker\ITPrint.DocumentProcessing.Worker.csproj", "{0534BBA1-4F34-49C8-81F1-96E88C888065}"
EndProject
Project("{FAE04EC0-301F-11D3-BF4B-00C04F79EFBC}") = "ITPrint.PrintRouting.Worker", "ITPrint.PrintRouting.Worker\ITPrint.PrintRouting.Worker.csproj", "{AE2C6FCA-ADAE-42C4-A1CE-12670F421DAB}"
EndProject
Project("{FAE04EC0-301F-11D3-BF4B-00C04F79EFBC}") = "ITPrint.PrintQueue.Worker", "ITPrint.PrintQueue.Worker\ITPrint.PrintQueue.Worker.csproj", "{A410FFB8-8148-4BCC-8FDA-DC0C39F5E144}"
EndProject
Project("{FAE04EC0-301F-11D3-BF4B-00C04F79EFBC}") = "ITPrint.PrintExecution.Worker", "ITPrint.PrintExecution.Worker\ITPrint.PrintExecution.Worker.csproj", "{314D8B5D-962E-4E37-BF04-098D2BACC19B}"
EndProject
Project("{FAE04EC0-301F-11D3-BF4B-00C04F79EFBC}") = "ITPrint.FileStorage.Worker", "ITPrint.FileStorage.Worker\ITPrint.FileStorage.Worker.csproj", "{FAC82C60-6EDD-41C9-9345-1D3E1B33CB38}"
EndProject
Project("{FAE04EC0-301F-11D3-BF4B-00C04F79EFBC}") = "ITPrint.CupsManagement.Worker", "ITPrint.CupsManagement.Worker\ITPrint.CupsManagement.Worker.csproj", "{F46BEF3E-C147-43A7-879D-90D9A343A142}"
EndProject
Project("{FAE04EC0-301F-11D3-BF4B-00C04F79EFBC}") = "ITPrint.Statistics.Worker", "ITPrint.Statistics.Worker\ITPrint.Statistics.Worker.csproj", "{8CEF59E6-83D5-4289-9260-5BFFF46323F5}"
EndProject
Project("{FAE04EC0-301F-11D3-BF4B-00C04F79EFBC}") = "ITPrint.PrinterMonitoring.Worker", "ITPrint.PrinterMonitoring.Worker\ITPrint.PrinterMonitoring.Worker.csproj", "{DBC1F8F0-E6F6-4EC8-B862-1FE5578EADB3}"
EndProject
Project("{FAE04EC0-301F-11D3-BF4B-00C04F79EFBC}") = "ITPrint.Core", "ITPrint.Core\ITPrint.Core.csproj", "{16AAF5E5-31DB-4FAD-B7B1-3E8062825C8A}"
EndProject
Project("{FAE04EC0-301F-11D3-BF4B-00C04F79EFBC}") = "ITPrint.Infrastructure", "ITPrint.Infrastructure\ITPrint.Infrastructure.csproj", "{E51D925D-3B6C-428D-814D-6E864E81EFBE}"
EndProject
Project("{FAE04EC0-301F-11D3-BF4B-00C04F79EFBC}") = "ITPrint.Application", "ITPrint.Application\ITPrint.Application.csproj", "{B209F9FF-212B-486C-AEBB-13AA32F118A8}"
EndProject
Project("{FAE04EC0-301F-11D3-BF4B-00C04F79EFBC}") = "ITPrint.Shared", "ITPrint.Shared\ITPrint.Shared.csproj", "{FD773E94-7BEA-4869-A5B6-13C613911CE3}"
EndProject
Global
	GlobalSection(SolutionConfigurationPlatforms) = preSolution
		Debug|Any CPU = Debug|Any CPU
		Release|Any CPU = Release|Any CPU
	EndGlobalSection
	GlobalSection(NestedProjects) = preSolution
		{BDA06DB3-330A-4C8E-88A4-9B35B3694A89} = {C2496B69-6187-49A1-954B-6F5159D2FB48}
		{6B85E4E8-7954-459B-A5D3-6ABC00358414} = {C2496B69-6187-49A1-954B-6F5159D2FB48}
		{36A7579C-D4ED-4A8D-8465-FC5E11AB3BFB} = {C2496B69-6187-49A1-954B-6F5159D2FB48}
		{38CA800E-BCDD-467B-BA96-D6F8E2EFFCDF} = {C2496B69-6187-49A1-954B-6F5159D2FB48}
		{54EAE8AA-256A-4BFF-B6A4-CFA8A5BB2944} = {BDA06DB3-330A-4C8E-88A4-9B35B3694A89}
		{0534BBA1-4F34-49C8-81F1-96E88C888065} = {6B85E4E8-7954-459B-A5D3-6ABC00358414}
		{AE2C6FCA-ADAE-42C4-A1CE-12670F421DAB} = {6B85E4E8-7954-459B-A5D3-6ABC00358414}
		{A410FFB8-8148-4BCC-8FDA-DC0C39F5E144} = {6B85E4E8-7954-459B-A5D3-6ABC00358414}
		{314D8B5D-962E-4E37-BF04-098D2BACC19B} = {6B85E4E8-7954-459B-A5D3-6ABC00358414}
		{FAC82C60-6EDD-41C9-9345-1D3E1B33CB38} = {6B85E4E8-7954-459B-A5D3-6ABC00358414}
		{F46BEF3E-C147-43A7-879D-90D9A343A142} = {6B85E4E8-7954-459B-A5D3-6ABC00358414}
		{8CEF59E6-83D5-4289-9260-5BFFF46323F5} = {6B85E4E8-7954-459B-A5D3-6ABC00358414}
		{DBC1F8F0-E6F6-4EC8-B862-1FE5578EADB3} = {6B85E4E8-7954-459B-A5D3-6ABC00358414}
		{16AAF5E5-31DB-4FAD-B7B1-3E8062825C8A} = {36A7579C-D4ED-4A8D-8465-FC5E11AB3BFB}
		{E51D925D-3B6C-428D-814D-6E864E81EFBE} = {36A7579C-D4ED-4A8D-8465-FC5E11AB3BFB}
		{B209F9FF-212B-486C-AEBB-13AA32F118A8} = {36A7579C-D4ED-4A8D-8465-FC5E11AB3BFB}
		{FD773E94-7BEA-4869-A5B6-13C613911CE3} = {38CA800E-BCDD-467B-BA96-D6F8E2EFFCDF}
	EndGlobalSection
	GlobalSection(ProjectConfigurationPlatforms) = postSolution
		{54EAE8AA-256A-4BFF-B6A4-CFA8A5BB2944}.Debug|Any CPU.ActiveCfg = Debug|Any CPU
		{54EAE8AA-256A-4BFF-B6A4-CFA8A5BB2944}.Debug|Any CPU.Build.0 = Debug|Any CPU
		{54EAE8AA-256A-4BFF-B6A4-CFA8A5BB2944}.Release|Any CPU.ActiveCfg = Release|Any CPU
		{54EAE8AA-256A-4BFF-B6A4-CFA8A5BB2944}.Release|Any CPU.Build.0 = Release|Any CPU
		{0534BBA1-4F34-49C8-81F1-96E88C888065}.Debug|Any CPU.ActiveCfg = Debug|Any CPU
		{0534BBA1-4F34-49C8-81F1-96E88C888065}.Debug|Any CPU.Build.0 = Debug|Any CPU
		{0534BBA1-4F34-49C8-81F1-96E88C888065}.Release|Any CPU.ActiveCfg = Release|Any CPU
		{0534BBA1-4F34-49C8-81F1-96E88C888065}.Release|Any CPU.Build.0 = Release|Any CPU
		{AE2C6FCA-ADAE-42C4-A1CE-12670F421DAB}.Debug|Any CPU.ActiveCfg = Debug|Any CPU
		{AE2C6FCA-ADAE-42C4-A1CE-12670F421DAB}.Debug|Any CPU.Build.0 = Debug|Any CPU
		{AE2C6FCA-ADAE-42C4-A1CE-12670F421DAB}.Release|Any CPU.ActiveCfg = Release|Any CPU
		{AE2C6FCA-ADAE-42C4-A1CE-12670F421DAB}.Release|Any CPU.Build.0 = Release|Any CPU
		{A410FFB8-8148-4BCC-8FDA-DC0C39F5E144}.Debug|Any CPU.ActiveCfg = Debug|Any CPU
		{A410FFB8-8148-4BCC-8FDA-DC0C39F5E144}.Debug|Any CPU.Build.0 = Debug|Any CPU
		{A410FFB8-8148-4BCC-8FDA-DC0C39F5E144}.Release|Any CPU.ActiveCfg = Release|Any CPU
		{A410FFB8-8148-4BCC-8FDA-DC0C39F5E144}.Release|Any CPU.Build.0 = Release|Any CPU
		{314D8B5D-962E-4E37-BF04-098D2BACC19B}.Debug|Any CPU.ActiveCfg = Debug|Any CPU
		{314D8B5D-962E-4E37-BF04-098D2BACC19B}.Debug|Any CPU.Build.0 = Debug|Any CPU
		{314D8B5D-962E-4E37-BF04-098D2BACC19B}.Release|Any CPU.ActiveCfg = Release|Any CPU
		{314D8B5D-962E-4E37-BF04-098D2BACC19B}.Release|Any CPU.Build.0 = Release|Any CPU
		{FAC82C60-6EDD-41C9-9345-1D3E1B33CB38}.Debug|Any CPU.ActiveCfg = Debug|Any CPU
		{FAC82C60-6EDD-41C9-9345-1D3E1B33CB38}.Debug|Any CPU.Build.0 = Debug|Any CPU
		{FAC82C60-6EDD-41C9-9345-1D3E1B33CB38}.Release|Any CPU.ActiveCfg = Release|Any CPU
		{FAC82C60-6EDD-41C9-9345-1D3E1B33CB38}.Release|Any CPU.Build.0 = Release|Any CPU
		{F46BEF3E-C147-43A7-879D-90D9A343A142}.Debug|Any CPU.ActiveCfg = Debug|Any CPU
		{F46BEF3E-C147-43A7-879D-90D9A343A142}.Debug|Any CPU.Build.0 = Debug|Any CPU
		{F46BEF3E-C147-43A7-879D-90D9A343A142}.Release|Any CPU.ActiveCfg = Release|Any CPU
		{F46BEF3E-C147-43A7-879D-90D9A343A142}.Release|Any CPU.Build.0 = Release|Any CPU
		{8CEF59E6-83D5-4289-9260-5BFFF46323F5}.Debug|Any CPU.ActiveCfg = Debug|Any CPU
		{8CEF59E6-83D5-4289-9260-5BFFF46323F5}.Debug|Any CPU.Build.0 = Debug|Any CPU
		{8CEF59E6-83D5-4289-9260-5BFFF46323F5}.Release|Any CPU.ActiveCfg = Release|Any CPU
		{8CEF59E6-83D5-4289-9260-5BFFF46323F5}.Release|Any CPU.Build.0 = Release|Any CPU
		{DBC1F8F0-E6F6-4EC8-B862-1FE5578EADB3}.Debug|Any CPU.ActiveCfg = Debug|Any CPU
		{DBC1F8F0-E6F6-4EC8-B862-1FE5578EADB3}.Debug|Any CPU.Build.0 = Debug|Any CPU
		{DBC1F8F0-E6F6-4EC8-B862-1FE5578EADB3}.Release|Any CPU.ActiveCfg = Release|Any CPU
		{DBC1F8F0-E6F6-4EC8-B862-1FE5578EADB3}.Release|Any CPU.Build.0 = Release|Any CPU
		{16AAF5E5-31DB-4FAD-B7B1-3E8062825C8A}.Debug|Any CPU.ActiveCfg = Debug|Any CPU
		{16AAF5E5-31DB-4FAD-B7B1-3E8062825C8A}.Debug|Any CPU.Build.0 = Debug|Any CPU
		{16AAF5E5-31DB-4FAD-B7B1-3E8062825C8A}.Release|Any CPU.ActiveCfg = Release|Any CPU
		{16AAF5E5-31DB-4FAD-B7B1-3E8062825C8A}.Release|Any CPU.Build.0 = Release|Any CPU
		{E51D925D-3B6C-428D-814D-6E864E81EFBE}.Debug|Any CPU.ActiveCfg = Debug|Any CPU
		{E51D925D-3B6C-428D-814D-6E864E81EFBE}.Debug|Any CPU.Build.0 = Debug|Any CPU
		{E51D925D-3B6C-428D-814D-6E864E81EFBE}.Release|Any CPU.ActiveCfg = Release|Any CPU
		{E51D925D-3B6C-428D-814D-6E864E81EFBE}.Release|Any CPU.Build.0 = Release|Any CPU
		{B209F9FF-212B-486C-AEBB-13AA32F118A8}.Debug|Any CPU.ActiveCfg = Debug|Any CPU
		{B209F9FF-212B-486C-AEBB-13AA32F118A8}.Debug|Any CPU.Build.0 = Debug|Any CPU
		{B209F9FF-212B-486C-AEBB-13AA32F118A8}.Release|Any CPU.ActiveCfg = Release|Any CPU
		{B209F9FF-212B-486C-AEBB-13AA32F118A8}.Release|Any CPU.Build.0 = Release|Any CPU
		{FD773E94-7BEA-4869-A5B6-13C613911CE3}.Debug|Any CPU.ActiveCfg = Debug|Any CPU
		{FD773E94-7BEA-4869-A5B6-13C613911CE3}.Debug|Any CPU.Build.0 = Debug|Any CPU
		{FD773E94-7BEA-4869-A5B6-13C613911CE3}.Release|Any CPU.ActiveCfg = Release|Any CPU
		{FD773E94-7BEA-4869-A5B6-13C613911CE3}.Release|Any CPU.Build.0 = Release|Any CPU
	EndGlobalSection
EndGlobal
